<?xml version="1.0" encoding="utf-8"?>
<Project ToolsVersion="4.0" xmlns="http://schemas.microsoft.com/developer/msbuild/2003">
  <ItemGroup>
    <Filter Include="Source Files">
      <UniqueIdentifier>{4FC737F1-C7A5-4376-A066-2A32D752A2FF}</UniqueIdentifier>
      <Extensions>cpp;c;cc;cxx;c++;cppm;ixx;def;odl;idl;hpj;bat;asm;asmx</Extensions>
    </Filter>
    <Filter Include="Header Files">
      <UniqueIdentifier>{93995380-89BD-4b04-88EB-625FBE52EBFB}</UniqueIdentifier>
      <Extensions>h;hh;hpp;hxx;h++;hm;inl;inc;ipp;xsd</Extensions>
    </Filter>
    <Filter Include="Resource Files">
      <UniqueIdentifier>{67DA6AB6-F800-4c08-8B7A-83BB121AAD01}</UniqueIdentifier>
      <Extensions>rc;ico;cur;bmp;dlg;rc2;rct;bin;rgs;gif;jpg;jpeg;jpe;resx;tiff;tif;png;wav;mfcribbon-ms</Extensions>
    </Filter>
    <Filter Include="Header Files\Rendering">
      <UniqueIdentifier>{fa7617ac-6b5c-46cb-9e78-04b45a552a0a}</UniqueIdentifier>
    </Filter>
    <Filter Include="Source Files\Rendering">
      <UniqueIdentifier>{7c2c038b-320e-4efd-935d-bfd8b407b627}</UniqueIdentifier>
    </Filter>
    <Filter Include="Header Files\Events">
      <UniqueIdentifier>{5bb67c1d-9c5d-400e-b56b-5c9438fab044}</UniqueIdentifier>
    </Filter>
    <Filter Include="Source Files\Events">
      <UniqueIdentifier>{b99955d4-ff1b-43b0-9b16-306df27c765a}</UniqueIdentifier>
    </Filter>
    <Filter Include="Header Files\Input">
      <UniqueIdentifier>{2a76e17c-f53d-4922-bab1-544b6875ec45}</UniqueIdentifier>
    </Filter>
    <Filter Include="Source Files\Input">
      <UniqueIdentifier>{354591ea-aaa0-4b7c-bf02-699e445e6c59}</UniqueIdentifier>
    </Filter>
    <Filter Include="Header Files\Menu">
      <UniqueIdentifier>{3acb3f2a-d8a0-4712-8af8-467fead0b746}</UniqueIdentifier>
    </Filter>
    <Filter Include="Source Files\Menu">
      <UniqueIdentifier>{35352f72-1ef9-4eda-9dff-da405001dcd4}</UniqueIdentifier>
    </Filter>
    <Filter Include="Header Files\Map">
      <UniqueIdentifier>{4b0de5ea-fbdc-48ae-a3ac-f1f33b8db26c}</UniqueIdentifier>
    </Filter>
    <Filter Include="Source Files\Map">
      <UniqueIdentifier>{80a38cb5-c7f7-4082-a8c4-a734a5687df3}</UniqueIdentifier>
    </Filter>
    <Filter Include="Header Files\Enums">
      <UniqueIdentifier>{b05a2cd6-280f-4b94-a714-7c6b85cdb17f}</UniqueIdentifier>
    </Filter>
    <Filter Include="Header Files\Utilities">
      <UniqueIdentifier>{d6bc87bc-299f-45bb-9063-3155d4d0faa0}</UniqueIdentifier>
    </Filter>
    <Filter Include="Source Files\Utilities">
      <UniqueIdentifier>{b3c49f1d-924a-4434-ba27-35ecbafd3db5}</UniqueIdentifier>
    </Filter>
  </ItemGroup>
  <ItemGroup>
    <ClCompile Include="win_main.c">
      <Filter>Source Files</Filter>
    </ClCompile>
    <ClCompile Include="game.c">
      <Filter>Source Files</Filter>
    </ClCompile>
    <ClCompile Include="error.c">
      <Filter>Source Files</Filter>
    </ClCompile>
    <ClCompile Include="clock.c">
      <Filter>Source Files</Filter>
    </ClCompile>
    <ClCompile Include="render_config.c">
      <Filter>Source Files\Rendering</Filter>
    </ClCompile>
    <ClCompile Include="renderer.c">
      <Filter>Source Files\Rendering</Filter>
    </ClCompile>
    <ClCompile Include="window.c">
      <Filter>Source Files\Rendering</Filter>
    </ClCompile>
    <ClCompile Include="event_queue.c">
      <Filter>Source Files\Events</Filter>
    </ClCompile>
    <ClCompile Include="input_handler.c">
      <Filter>Source Files\Input</Filter>
    </ClCompile>
    <ClCompile Include="input_state.c">
      <Filter>Source Files\Input</Filter>
    </ClCompile>
    <ClCompile Include="overworld_input_handler.c">
      <Filter>Source Files\Input</Filter>
    </ClCompile>
    <ClCompile Include="overworld_renderer.c">
      <Filter>Source Files\Rendering</Filter>
    </ClCompile>
    <ClCompile Include="diagnostics_renderer.c">
      <Filter>Source Files\Rendering</Filter>
    </ClCompile>
    <ClCompile Include="menu.c">
      <Filter>Source Files\Menu</Filter>
    </ClCompile>
    <ClCompile Include="map.c">
      <Filter>Source Files\Map</Filter>
    </ClCompile>
    <ClCompile Include="game_data.c">
      <Filter>Source Files</Filter>
    </ClCompile>
    <ClCompile Include="map_loader.c">
      <Filter>Source Files\Map</Filter>
    </ClCompile>
    <ClCompile Include="game_config.c">
      <Filter>Source Files</Filter>
    </ClCompile>
    <ClCompile Include="render_data.c">
      <Filter>Source Files\Rendering</Filter>
    </ClCompile>
    <ClCompile Include="entity_sprite.c">
      <Filter>Source Files\Rendering</Filter>
    </ClCompile>
    <ClCompile Include="physics.c">
      <Filter>Source Files</Filter>
    </ClCompile>
    <ClCompile Include="random.c">
      <Filter>Source Files</Filter>
    </ClCompile>
    <ClCompile Include="transition_renderer.c">
      <Filter>Source Files\Rendering</Filter>
    </ClCompile>
    <ClCompile Include="battle_renderer.c">
      <Filter>Source Files\Rendering</Filter>
    </ClCompile>
    <ClCompile Include="dialog_renderer.c">
      <Filter>Source Files\Rendering</Filter>
    </ClCompile>
    <ClCompile Include="battle_input_handler.c">
      <Filter>Source Files\Input</Filter>
    </ClCompile>
    <ClCompile Include="battle.c">
      <Filter>Source Files</Filter>
    </ClCompile>
    <ClCompile Include="menu_renderer.c">
      <Filter>Source Files\Rendering</Filter>
    </ClCompile>
    <ClCompile Include="player.c">
      <Filter>Source Files</Filter>
    </ClCompile>
    <ClCompile Include="enemy.c">
      <Filter>Source Files</Filter>
    </ClCompile>
    <ClCompile Include="string_util.c">
      <Filter>Source Files\Utilities</Filter>
    </ClCompile>
    <ClCompile Include="log.c">
      <Filter>Source Files\Utilities</Filter>
    </ClCompile>
    <ClCompile Include="mem_util.c">
      <Filter>Source Files\Utilities</Filter>
    </ClCompile>
    <ClCompile Include="sfml_util.c">
      <Filter>Source Files\Utilities</Filter>
    </ClCompile>
  </ItemGroup>
  <ItemGroup>
    <ClInclude Include="common.h">
      <Filter>Header Files</Filter>
    </ClInclude>
    <ClInclude Include="game.h">
      <Filter>Header Files</Filter>
    </ClInclude>
    <ClInclude Include="error.h">
      <Filter>Header Files</Filter>
    </ClInclude>
    <ClInclude Include="clock.h">
      <Filter>Header Files</Filter>
    </ClInclude>
    <ClInclude Include="strings.h">
      <Filter>Header Files</Filter>
    </ClInclude>
    <ClInclude Include="renderer.h">
      <Filter>Header Files\Rendering</Filter>
    </ClInclude>
    <ClInclude Include="render_config.h">
      <Filter>Header Files\Rendering</Filter>
    </ClInclude>
    <ClInclude Include="window.h">
      <Filter>Header Files\Rendering</Filter>
    </ClInclude>
    <ClInclude Include="event.h">
      <Filter>Header Files\Events</Filter>
    </ClInclude>
    <ClInclude Include="event_args.h">
      <Filter>Header Files\Events</Filter>
    </ClInclude>
    <ClInclude Include="event_queue.h">
      <Filter>Header Files\Events</Filter>
    </ClInclude>
    <ClInclude Include="input_handler.h">
      <Filter>Header Files\Input</Filter>
    </ClInclude>
    <ClInclude Include="input_state.h">
      <Filter>Header Files\Input</Filter>
    </ClInclude>
    <ClInclude Include="overworld_input_handler.h">
      <Filter>Header Files\Input</Filter>
    </ClInclude>
    <ClInclude Include="overworld_renderer.h">
      <Filter>Header Files\Rendering</Filter>
    </ClInclude>
    <ClInclude Include="diagnostics_renderer.h">
      <Filter>Header Files\Rendering</Filter>
    </ClInclude>
    <ClInclude Include="menu.h">
      <Filter>Header Files\Menu</Filter>
    </ClInclude>
    <ClInclude Include="menu_option.h">
      <Filter>Header Files\Menu</Filter>
    </ClInclude>
    <ClInclude Include="map_tile.h">
      <Filter>Header Files\Map</Filter>
    </ClInclude>
    <ClInclude Include="map.h">
      <Filter>Header Files\Map</Filter>
    </ClInclude>
    <ClInclude Include="game_data.h">
      <Filter>Header Files</Filter>
    </ClInclude>
    <ClInclude Include="map_loader.h">
      <Filter>Header Files\Map</Filter>
    </ClInclude>
    <ClInclude Include="entity_overworld_state.h">
      <Filter>Header Files</Filter>
    </ClInclude>
    <ClInclude Include="game_config.h">
      <Filter>Header Files</Filter>
    </ClInclude>
    <ClInclude Include="render_data.h">
      <Filter>Header Files\Rendering</Filter>
    </ClInclude>
    <ClInclude Include="entity_sprite.h">
      <Filter>Header Files\Rendering</Filter>
    </ClInclude>
    <ClInclude Include="physics.h">
      <Filter>Header Files</Filter>
    </ClInclude>
    <ClInclude Include="random.h">
      <Filter>Header Files</Filter>
    </ClInclude>
    <ClInclude Include="transition_renderer.h">
      <Filter>Header Files\Rendering</Filter>
    </ClInclude>
    <ClInclude Include="battle_renderer.h">
      <Filter>Header Files\Rendering</Filter>
    </ClInclude>
    <ClInclude Include="dialog_renderer.h">
      <Filter>Header Files\Rendering</Filter>
    </ClInclude>
    <ClInclude Include="battle_input_handler.h">
      <Filter>Header Files\Input</Filter>
    </ClInclude>
    <ClInclude Include="event_type.h">
      <Filter>Header Files\Enums</Filter>
    </ClInclude>
    <ClInclude Include="direction.h">
      <Filter>Header Files\Enums</Filter>
    </ClInclude>
    <ClInclude Include="state.h">
      <Filter>Header Files\Enums</Filter>
    </ClInclude>
    <ClInclude Include="battle_state.h">
      <Filter>Header Files\Enums</Filter>
    </ClInclude>
    <ClInclude Include="battle.h">
      <Filter>Header Files</Filter>
    </ClInclude>
    <ClInclude Include="menu_renderer.h">
      <Filter>Header Files\Rendering</Filter>
    </ClInclude>
    <ClInclude Include="player.h">
      <Filter>Header Files</Filter>
    </ClInclude>
    <ClInclude Include="enemy_template.h">
      <Filter>Header Files</Filter>
    </ClInclude>
    <ClInclude Include="battle_stats.h">
      <Filter>Header Files</Filter>
    </ClInclude>
    <ClInclude Include="enemy.h">
      <Filter>Header Files</Filter>
    </ClInclude>
    <ClInclude Include="indefinite_article.h">
      <Filter>Header Files\Enums</Filter>
    </ClInclude>
    <ClInclude Include="string_util.h">
      <Filter>Header Files\Utilities</Filter>
    </ClInclude>
    <ClInclude Include="log.h">
      <Filter>Header Files\Utilities</Filter>
    </ClInclude>
    <ClInclude Include="math_util.h">
      <Filter>Header Files\Utilities</Filter>
    </ClInclude>
    <ClInclude Include="mem_util.h">
      <Filter>Header Files\Utilities</Filter>
    </ClInclude>
    <ClInclude Include="sfml_util.h">
      <Filter>Header Files\Utilities</Filter>
    </ClInclude>
  </ItemGroup>
</Project>